
Microsoft Visual Studio Solution File, Format Version 12.00
# Visual Studio Version 17
VisualStudioVersion = 17.14.36121.58 d17.14
MinimumVisualStudioVersion = 10.0.40219.1
Project("{FAE04EC0-301F-11D3-BF4B-00C04F79EFBC}") = "CurlImpClient", "CurlImpClient\CurlImpClient.csproj", "{949FE032-D7DC-42C9-8BFC-A8DD9D61CEC0}"
EndProject
Global
	GlobalSection(SolutionConfigurationPlatforms) = preSolution
		Debug|Any CPU = Debug|Any CPU
		Release|Any CPU = Release|Any CPU
	EndGlobalSection
	GlobalSection(ProjectConfigurationPlatforms) = postSolution
		{949FE032-D7DC-42C9-8BFC-A8DD9D61CEC0}.Debug|Any CPU.ActiveCfg = Debug|Any CPU
		{949FE032-D7DC-42C9-8BFC-A8DD9D61CEC0}.Debug|Any CPU.Build.0 = Debug|Any CPU
		{949FE032-D7DC-42C9-8BFC-A8DD9D61CEC0}.Release|Any CPU.ActiveCfg = Release|Any CPU
		{949FE032-D7DC-42C9-8BFC-A8DD9D61CEC0}.Release|Any CPU.Build.0 = Release|Any CPU
	EndGlobalSection
	GlobalSection(SolutionProperties) = preSolution
		HideSolutionNode = FALSE
	EndGlobalSection
	GlobalSection(ExtensibilityGlobals) = postSolution
		SolutionGuid = {08CDEF87-A249-4F0D-8497-6BAA226FEF8A}
	EndGlobalSection
EndGlobal
